Microsoft Visual Studio Solution File, Format Version 11.00
# Visual Studio 2010
Project("{FAE04EC0-301F-11D3-BF4B-00C04F79EFBC}") = "mobileArcade", "Assembly-CSharp-firstpass.csproj", "{874261D8-80C3-DE8E-8860-89F8DB799BE6}"
EndProject
Project("{FAE04EC0-301F-11D3-BF4B-00C04F79EFBC}") = "mobileArcade", "Assembly-CSharp.csproj", "{A389BF45-9337-63FB-F6C6-DDA99D1E5B46}"
EndProject
Project("{FAE04EC0-301F-11D3-BF4B-00C04F79EFBC}") = "mobileArcade", "Assembly-CSharp-Editor-firstpass.csproj", "{CF77AD30-46E4-C5E8-5688-411EF1AC717F}"
EndProject
Project("{FAE04EC0-301F-11D3-BF4B-00C04F79EFBC}") = "mobileArcade", "Assembly-CSharp-Editor.csproj", "{2D1F3D94-A1B4-B03A-9E11-5B3E300CADE4}"
EndProject
Global
	GlobalSection(SolutionConfigurationPlatforms) = preSolution
		Debug|Any CPU = Debug|Any CPU
		Release|Any CPU = Release|Any CPU
	EndGlobalSection
	GlobalSection(ProjectConfigurationPlatforms) = postSolution
		{874261D8-80C3-DE8E-8860-89F8DB799BE6}.Debug|Any CPU.ActiveCfg = Debug|Any CPU
		{874261D8-80C3-DE8E-8860-89F8DB799BE6}.Debug|Any CPU.Build.0 = Debug|Any CPU
		{874261D8-80C3-DE8E-8860-89F8DB799BE6}.Release|Any CPU.ActiveCfg = Release|Any CPU
		{874261D8-80C3-DE8E-8860-89F8DB799BE6}.Release|Any CPU.Build.0 = Release|Any CPU
		{A389BF45-9337-63FB-F6C6-DDA99D1E5B46}.Debug|Any CPU.ActiveCfg = Debug|Any CPU
		{A389BF45-9337-63FB-F6C6-DDA99D1E5B46}.Debug|Any CPU.Build.0 = Debug|Any CPU
		{A389BF45-9337-63FB-F6C6-DDA99D1E5B46}.Release|Any CPU.ActiveCfg = Release|Any CPU
		{A389BF45-9337-63FB-F6C6-DDA99D1E5B46}.Release|Any CPU.Build.0 = Release|Any CPU
		{CF77AD30-46E4-C5E8-5688-411EF1AC717F}.Debug|Any CPU.ActiveCfg = Debug|Any CPU
		{CF77AD30-46E4-C5E8-5688-411EF1AC717F}.Debug|Any CPU.Build.0 = Debug|Any CPU
		{CF77AD30-46E4-C5E8-5688-411EF1AC717F}.Release|Any CPU.ActiveCfg = Release|Any CPU
		{CF77AD30-46E4-C5E8-5688-411EF1AC717F}.Release|Any CPU.Build.0 = Release|Any CPU
		{2D1F3D94-A1B4-B03A-9E11-5B3E300CADE4}.Debug|Any CPU.ActiveCfg = Debug|Any CPU
		{2D1F3D94-A1B4-B03A-9E11-5B3E300CADE4}.Debug|Any CPU.Build.0 = Debug|Any CPU
		{2D1F3D94-A1B4-B03A-9E11-5B3E300CADE4}.Release|Any CPU.ActiveCfg = Release|Any CPU
		{2D1F3D94-A1B4-B03A-9E11-5B3E300CADE4}.Release|Any CPU.Build.0 = Release|Any CPU
	EndGlobalSection
	GlobalSection(MonoDevelopProperties) = preSolution
		StartupItem = Assembly-CSharp.csproj
	EndGlobalSection
EndGlobal
